
Microsoft Visual Studio Solution File, Format Version 12.00
# Visual Studio Version 17
VisualStudioVersion = 17.4.33205.214
MinimumVisualStudioVersion = 10.0.40219.1
Project("{FAE04EC0-301F-11D3-BF4B-00C04F79EFBC}") = "ElPi.Interpreter", "src\ElPi.Interpreter\ElPi.Interpreter.csproj", "{665C5F61-0323-4C27-A693-FEE015C21A4B}"
EndProject
Project("{FAE04EC0-301F-11D3-BF4B-00C04F79EFBC}") = "ElPi.App", "ElPi.App\ElPi.App.csproj", "{675430CD-29B4-401F-801C-18B14D9E9888}"
EndProject
Global
	GlobalSection(SolutionConfigurationPlatforms) = preSolution
		Debug|Any CPU = Debug|Any CPU
		Release|Any CPU = Release|Any CPU
	EndGlobalSection
	GlobalSection(ProjectConfigurationPlatforms) = postSolution
		{665C5F61-0323-4C27-A693-FEE015C21A4B}.Debug|Any CPU.ActiveCfg = Debug|Any CPU
		{665C5F61-0323-4C27-A693-FEE015C21A4B}.Debug|Any CPU.Build.0 = Debug|Any CPU
		{665C5F61-0323-4C27-A693-FEE015C21A4B}.Release|Any CPU.ActiveCfg = Release|Any CPU
		{665C5F61-0323-4C27-A693-FEE015C21A4B}.Release|Any CPU.Build.0 = Release|Any CPU
		{675430CD-29B4-401F-801C-18B14D9E9888}.Debug|Any CPU.ActiveCfg = Debug|Any CPU
		{675430CD-29B4-401F-801C-18B14D9E9888}.Debug|Any CPU.Build.0 = Debug|Any CPU
		{675430CD-29B4-401F-801C-18B14D9E9888}.Release|Any CPU.ActiveCfg = Release|Any CPU
		{675430CD-29B4-401F-801C-18B14D9E9888}.Release|Any CPU.Build.0 = Release|Any CPU
	EndGlobalSection
	GlobalSection(SolutionProperties) = preSolution
		HideSolutionNode = FALSE
	EndGlobalSection
	GlobalSection(ExtensibilityGlobals) = postSolution
		SolutionGuid = {72BAF8C6-2912-4D7D-ADDE-0F57FCDD2B89}
	EndGlobalSection
EndGlobal
